filippo.io/edwards25519 v1.1.0 h1:FNf4tywRC1HmFuKW5xopWpigGjJKiJSV0Cqo0cJWDaA=
filippo.io/edwards25519 v1.1.0/go.mod h1:BxyFTGdWcka3PhytdK4V28tE5sGfRvvvRV7EaN4VDT4=
github.com/alexedwards/scs/mysqlstore v0.0.0-20250417082927-ab20b3feb5e9 h1:HsYYLdEqKkjHrnt77Tiu8hnD4TIswIa+czpnlJldIJs=
github.com/alexedwards/scs/mysqlstore v0.0.0-20250417082927-ab20b3feb5e9/go.mod h1:p8jK3D80sw1PFrCSdlcJF1O75bp55HqbgDyyCLM0FrE=
github.com/alexedwards/scs/v2 v2.9.0 h1:xa05mVpwTBm1iLeTMNFfAWpKUm4fXAW7CeAViqBVS90=
github.com/alexedwards/scs/v2 v2.9.0/go.mod h1:ToaROZxyKukJKT/xLcVQAChi5k6+Pn1Gvmdl7h3RRj8=
github.com/aws/aws-sdk-go-v2 v1.41.2 h1:LuT2rzqNQsauaGkPK/7813XxcZ3o3yePY0Iy891T2ls=
github.com/aws/aws-sdk-go-v2 v1.41.2/go.mod h1:IvvlAZQXvTXznUPfRVfryiG1fbzE2NGK6m9u39YQ+S4=
github.com/aws/aws-sdk-go-v2/aws/protocol/eventstream v1.7.5 h1:zWFmPmgw4sveAYi1mRqG+E/g0461cJ5M4bJ8/nc6d3Q=
github.com/aws/aws-sdk-go-v2/aws/protocol/eventstream v1.7.5/go.mod h1:nVUlMLVV8ycXSb7mSkcNu9e3v/1TJq2RTlrPwhYWr5c=
github.com/aws/aws-sdk-go-v2/config v1.32.2 h1:4liUsdEpUUPZs5WVapsJLx5NPmQhQdez7nYFcovrytk=
github.com/aws/aws-sdk-go-v2/config v1.32.2/go.mod h1:l0hs06IFz1eCT+jTacU/qZtC33nvcnLADAPL/XyrkZI=
github.com/aws/aws-sdk-go-v2/credentials v1.19.2 h1:qZry8VUyTK4VIo5aEdUcBjPZHL2v4FyQ3QEOaWcFLu4=
github.com/aws/aws-sdk-go-v2/credentials v1.19.2/go.mod h1:YUqm5a1/kBnoK+/NY5WEiMocZihKSo15/tJdmdXnM5g=
github.com/aws/aws-sdk-go-v2/feature/ec2/imds v1.18.14 h1:WZVR5DbDgxzA0BJeudId89Kmgy6DIU4ORpxwsVHz0qA=
github.com/aws/aws-sdk-go-v2/feature/ec2/imds v1.18.14/go.mod h1:Dadl9QO0kHgbrH1GRqGiZdYtW5w+IXXaBNCHTIaheM4=
github.com/aws/aws-sdk-go-v2/internal/configsources v1.4.18 h1:F43zk1vemYIqPAwhjTjYIz0irU2EY7sOb/F5eJ3HuyM=
github.com/aws/aws-sdk-go-v2/internal/configsources v1.4.18/go.mod h1:w1jdlZXrGKaJcNoL+Nnrj+k5wlpGXqnNrKoP22HvAug=
github.com/aws/aws-sdk-go-v2/internal/endpoints/v2 v2.7.18 h1:xCeWVjj0ki0l3nruoyP2slHsGArMxeiiaoPN5QZH6YQ=
github.com/aws/aws-sdk-go-v2/internal/endpoints/v2 v2.7.18/go.mod h1:r/eLGuGCBw6l36ZRWiw6PaZwPXb6YOj+i/7MizNl5/k=
github.com/aws/aws-sdk-go-v2/internal/ini v1.8.4 h1:WKuaxf++XKWlHWu9ECbMlha8WOEGm0OUEZqm4K/Gcfk=
github.com/aws/aws-sdk-go-v2/internal/ini v1.8.4/go.mod h1:ZWy7j6v1vWGmPReu0iSGvRiise4YI5SkR3OHKTZ6Wuc=
github.com/aws/aws-sdk-go-v2/internal/v4a v1.4.18 h1:eZioDaZGJ0tMM4gzmkNIO2aAoQd+je7Ug7TkvAzlmkU=
github.com/aws/aws-sdk-go-v2/internal/v4a v1.4.18/go.mod h1:CCXwUKAJdoWr6/NcxZ+zsiPr6oH/Q5aTooRGYieAyj4=
github.com/aws/aws-sdk-go-v2/service/internal/accept-encoding v1.13.5 h1:CeY9LUdur+Dxoeldqoun6y4WtJ3RQtzk0JMP2gfUay0=
github.com/aws/aws-sdk-go-v2/service/internal/accept-encoding v1.13.5/go.mod h1:AZLZf2fMaahW5s/wMRciu1sYbdsikT/UHwbUjOdEVTc=
github.com/aws/aws-sdk-go-v2/service/internal/checksum v1.9.9 h1:IJRzQTvdpjHRPItx9gzNcz7Y1F+xqAR+xiy9rr5ZYl8=
github.com/aws/aws-sdk-go-v2/service/internal/checksum v1.9.9/go.mod h1:Kzm5e6OmNH8VMkgK9t+ry5jEih4Y8whqs+1hrkxim1I=
github.com/aws/aws-sdk-go-v2/service/internal/presigned-url v1.13.18 h1:LTRCYFlnnKFlKsyIQxKhJuDuA3ZkrDQMRYm6rXiHlLY=
github.com/aws/aws-sdk-go-v2/service/internal/presigned-url v1.13.18/go.mod h1:XhwkgGG6bHSd00nO/mexWTcTjgd6PjuvWQMqSn2UaEk=
github.com/aws/aws-sdk-go-v2/service/internal/s3shared v1.19.18 h1:/A/xDuZAVD2BpsS2fftFRo/NoEKQJ8YTnJDEHBy2Gtg=
github.com/aws/aws-sdk-go-v2/service/internal/s3shared v1.19.18/go.mod h1:hWe9b4f+djUQGmyiGEeOnZv69dtMSgpDRIvNMvuvzvY=
github.com/aws/aws-sdk-go-v2/service/s3 v1.96.1 h1:giB30dEeoar5bgDnkE0q+z7cFjcHaCjulpmPVmuKR84=
github.com/aws/aws-sdk-go-v2/service/s3 v1.96.1/go.mod h1:071TH4M3botFLWDbzQLfBR7tXYi7Fs2RsXSiH7nlUlY=
github.com/aws/aws-sdk-go-v2/service/signin v1.0.2 h1:MxMBdKTYBjPQChlJhi4qlEueqB1p1KcbTEa7tD5aqPs=
github.com/aws/aws-sdk-go-v2/service/signin v1.0.2/go.mod h1:iS6EPmNeqCsGo+xQmXv0jIMjyYtQfnwg36zl2FwEouk=
github.com/aws/aws-sdk-go-v2/service/sso v1.30.5 h1:ksUT5KtgpZd3SAiFJNJ0AFEJVva3gjBmN7eXUZjzUwQ=
github.com/aws/aws-sdk-go-v2/service/sso v1.30.5/go.mod h1:av+ArJpoYf3pgyrj6tcehSFW+y9/QvAY8kMooR9bZCw=
github.com/aws/aws-sdk-go-v2/service/ssooidc v1.35.10 h1:GtsxyiF3Nd3JahRBJbxLCCdYW9ltGQYrFWg8XdkGDd8=
github.com/aws/aws-sdk-go-v2/service/ssooidc v1.35.10/go.mod h1:/j67Z5XBVDx8nZVp9EuFM9/BS5dvBznbqILGuu73hug=
github.com/aws/aws-sdk-go-v2/service/sts v1.41.2 h1:a5UTtD4mHBU3t0o6aHQZFJTNKVfxFWfPX7J0Lr7G+uY=
github.com/aws/aws-sdk-go-v2/service/sts v1.41.2/go.mod h1:6TxbXoDSgBQ225Qd8Q+MbxUxUh6TtNKwbRt/EPS9xso=
github.com/aws/smithy-go v1.24.1 h1:VbyeNfmYkWoxMVpGUAbQumkODcYmfMRfZ8yQiH30SK0=
github.com/aws/smithy-go v1.24.1/go.mod h1:LEj2LM3rBRQJxPZTB4KuzZkaZYnZPnvgIhb4pu07mx0=
github.com/go-playground/assert/v2 v2.2.0 h1:JvknZsQTYeFEAhQwI4qEt9cyV5ONwRHC+lYKSsYSR8s=
github.com/go-playground/assert/v2 v2.2.0/go.mod h1:VDjEfimB/XKnb+ZQfWdccd7VUvScMdVu0Titje2rxJ4=
github.com/go-playground/form/v4 v4.3.0 h1:OVttojbQv2WNCs4P+VnjPtrt/+30Ipw4890W3OaFlvk=
github.com/go-playground/form/v4 v4.3.0/go.mod h1:Cpe1iYJKoXb1vILRXEwxpWMGWyQuqplQ/4cvPecy+Jo=
github.com/go-sql-driver/mysql v1.7.1/go.mod h1:OXbVy3sEdcQ2Doequ6Z5BW6fXNQTmx+9S1MCJN5yJMI=
github.com/go-sql-driver/mysql v1.9.3 h1:U/N249h2WzJ3Ukj8SowVFjdtZKfu9vlLZxjPXV1aweo=
github.com/go-sql-driver/mysql v1.9.3/go.mod h1:qn46aNg1333BRMNU69Lq93t8du/dwxI64Gl8i5p1WMU=
github.com/justinas/alice v1.2.0 h1:+MHSA/vccVCF4Uq37S42jwlkvI2Xzl7zTPCN5BnZNVo=
github.com/justinas/alice v1.2.0/go.mod h1:fN5HRH/reO/zrUflLfTN43t3vXvKzvZIENsNEe7i7qA=
github.com/justinas/nosurf v1.2.0 h1:yMs1bSRrNiwXk4AS6n8vL2Ssgpb9CB25T/4xrixaK0s=
github.com/justinas/nosurf v1.2.0/go.mod h1:ALpWdSbuNGy2lZWtyXdjkYv4edL23oSEgfBT1gPJ5BQ=
golang.org/x/crypto v0.48.0 h1:/VRzVqiRSggnhY7gNRxPauEQ5Drw9haKdM0jqfcCFts=
golang.org/x/crypto v0.48.0/go.mod h1:r0kV5h3qnFPlQnBSrULhlsRfryS2pmewsg+XfMgkVos=
gopkg.in/alexcesaro/quotedprintable.v3 v3.0.0-20150716171945-2caba252f4dc h1:2gGKlE2+asNV9m7xrywl36YYNnBG5ZQ0r/BOOxqPpmk=
gopkg.in/alexcesaro/quotedprintable.v3 v3.0.0-20150716171945-2caba252f4dc/go.mod h1:m7x9LTH6d71AHyAX77c9yqWCCa3UKHcVEj9y7hAtKDk=
gopkg.in/gomail.v2 v2.0.0-20160411212932-81ebce5c23df h1:n7WqCuqOuCbNr617RXOY0AWRXxgwEyPp2z+p0+hgMuE=
gopkg.in/gomail.v2 v2.0.0-20160411212932-81ebce5c23df/go.mod h1:LRQQ+SO6ZHR7tOkpBDuZnXENFzX8qRjMDMyPD6BRkCw=
