filippo.io/edwards25519 v1.1.0 h1:FNf4tywRC1HmFuKW5xopWpigGjJKiJSV0Cqo0cJWDaA=
filippo.io/edwards25519 v1.1.0/go.mod h1:BxyFTGdWcka3PhytdK4V28tE5sGfRvvvRV7EaN4VDT4=
github.com/alexedwards/scs/mysqlstore v0.0.0-20250417082927-ab20b3feb5e9 h1:HsYYLdEqKkjHrnt77Tiu8hnD4TIswIa+czpnlJldIJs=
github.com/alexedwards/scs/mysqlstore v0.0.0-20250417082927-ab20b3feb5e9/go.mod h1:p8jK3D80sw1PFrCSdlcJF1O75bp55HqbgDyyCLM0FrE=
github.com/alexedwards/scs/v2 v2.9.0 h1:xa05mVpwTBm1iLeTMNFfAWpKUm4fXAW7CeAViqBVS90=
github.com/alexedwards/scs/v2 v2.9.0/go.mod h1:ToaROZxyKukJKT/xLcVQAChi5k6+Pn1Gvmdl7h3RRj8=
github.com/aws/aws-sdk-go-v2 v1.41.3 h1:4kQ/fa22KjDt13QCy1+bYADvdgcxpfH18f0zP542kZA=
github.com/aws/aws-sdk-go-v2 v1.41.3/go.mod h1:mwsPRE8ceUUpiTgF7QmQIJ7lgsKUPQOUl3o72QBrE1o=
github.com/aws/aws-sdk-go-v2/aws/protocol/eventstream v1.7.6 h1:N4lRUXZpZ1KVEUn6hxtco/1d2lgYhNn1fHkkl8WhlyQ=
github.com/aws/aws-sdk-go-v2/aws/protocol/eventstream v1.7.6/go.mod h1:lyw7GFp3qENLh7kwzf7iMzAxDn+NzjXEAGjKS2UOKqI=
github.com/aws/aws-sdk-go-v2/config v1.32.2 h1:4liUsdEpUUPZs5WVapsJLx5NPmQhQdez7nYFcovrytk=
github.com/aws/aws-sdk-go-v2/config v1.32.2/go.mod h1:l0hs06IFz1eCT+jTacU/qZtC33nvcnLADAPL/XyrkZI=
github.com/aws/aws-sdk-go-v2/credentials v1.19.2 h1:qZry8VUyTK4VIo5aEdUcBjPZHL2v4FyQ3QEOaWcFLu4=
github.com/aws/aws-sdk-go-v2/credentials v1.19.2/go.mod h1:YUqm5a1/kBnoK+/NY5WEiMocZihKSo15/tJdmdXnM5g=
github.com/aws/aws-sdk-go-v2/feature/ec2/imds v1.18.14 h1:WZVR5DbDgxzA0BJeudId89Kmgy6DIU4ORpxwsVHz0qA=
github.com/aws/aws-sdk-go-v2/feature/ec2/imds v1.18.14/go.mod h1:Dadl9QO0kHgbrH1GRqGiZdYtW5w+IXXaBNCHTIaheM4=
github.com/aws/aws-sdk-go-v2/internal/configsources v1.4.19 h1:/sECfyq2JTifMI2JPyZ4bdRN77zJmr6SrS1eL3augIA=
github.com/aws/aws-sdk-go-v2/internal/configsources v1.4.19/go.mod h1:dMf8A5oAqr9/oxOfLkC/c2LU/uMcALP0Rgn2BD5LWn0=
github.com/aws/aws-sdk-go-v2/internal/endpoints/v2 v2.7.19 h1:AWeJMk33GTBf6J20XJe6qZoRSJo0WfUhsMdUKhoODXE=
github.com/aws/aws-sdk-go-v2/internal/endpoints/v2 v2.7.19/go.mod h1:+GWrYoaAsV7/4pNHpwh1kiNLXkKaSoppxQq9lbH8Ejw=
github.com/aws/aws-sdk-go-v2/internal/ini v1.8.4 h1:WKuaxf++XKWlHWu9ECbMlha8WOEGm0OUEZqm4K/Gcfk=
github.com/aws/aws-sdk-go-v2/internal/ini v1.8.4/go.mod h1:ZWy7j6v1vWGmPReu0iSGvRiise4YI5SkR3OHKTZ6Wuc=
github.com/aws/aws-sdk-go-v2/internal/v4a v1.4.19 h1:3Y4oma5TiV7tT9wa8zRcdoXwZkGz9Q/wxbEUK7cMuAM=
github.com/aws/aws-sdk-go-v2/internal/v4a v1.4.19/go.mod h1:V1K+TeJVD5JOk3D9e5tsX2KUdL7BlB+FV6cBhdobN8c=
github.com/aws/aws-sdk-go-v2/service/internal/accept-encoding v1.13.6 h1:XAq62tBTJP/85lFD5oqOOe7YYgWxY9LvWq8plyDvDVg=
github.com/aws/aws-sdk-go-v2/service/internal/accept-encoding v1.13.6/go.mod h1:x0nZssQ3qZSnIcePWLvcoFisRXJzcTVvYpAAdYX8+GI=
github.com/aws/aws-sdk-go-v2/service/internal/checksum v1.9.11 h1:BYf7XNsJMzl4mObARUBUib+j2tf0U//JAAtTnYqvqCw=
github.com/aws/aws-sdk-go-v2/service/internal/checksum v1.9.11/go.mod h1:aEUS4WrNk/+FxkBZZa7tVgp4pGH+kFGW40Y8rCPqt5g=
github.com/aws/aws-sdk-go-v2/service/internal/presigned-url v1.13.19 h1:X1Tow7suZk9UCJHE1Iw9GMZJJl0dAnKXXP1NaSDHwmw=
github.com/aws/aws-sdk-go-v2/service/internal/presigned-url v1.13.19/go.mod h1:/rARO8psX+4sfjUQXp5LLifjUt8DuATZ31WptNJTyQA=
github.com/aws/aws-sdk-go-v2/service/internal/s3shared v1.19.19 h1:JnQeStZvPHFHeyky/7LbMlyQjUa+jIBj36OlWm0pzIk=
github.com/aws/aws-sdk-go-v2/service/internal/s3shared v1.19.19/go.mod h1:HGyasyHvYdFQeJhvDHfH7HXkHh57htcJGKDZ+7z+I24=
github.com/aws/aws-sdk-go-v2/service/s3 v1.96.3 h1:+d0SsTvxtIJt4tSJ6wr+jrxEMDa6XeupjRv8H7Qitkk=
github.com/aws/aws-sdk-go-v2/service/s3 v1.96.3/go.mod h1:ROUNFvFWPwBlOu687WJNQ9cPvd2ccpFrnCiA1YGz50o=
github.com/aws/aws-sdk-go-v2/service/signin v1.0.2 h1:MxMBdKTYBjPQChlJhi4qlEueqB1p1KcbTEa7tD5aqPs=
github.com/aws/aws-sdk-go-v2/service/signin v1.0.2/go.mod h1:iS6EPmNeqCsGo+xQmXv0jIMjyYtQfnwg36zl2FwEouk=
github.com/aws/aws-sdk-go-v2/service/sso v1.30.5 h1:ksUT5KtgpZd3SAiFJNJ0AFEJVva3gjBmN7eXUZjzUwQ=
github.com/aws/aws-sdk-go-v2/service/sso v1.30.5/go.mod h1:av+ArJpoYf3pgyrj6tcehSFW+y9/QvAY8kMooR9bZCw=
github.com/aws/aws-sdk-go-v2/service/ssooidc v1.35.10 h1:GtsxyiF3Nd3JahRBJbxLCCdYW9ltGQYrFWg8XdkGDd8=
github.com/aws/aws-sdk-go-v2/service/ssooidc v1.35.10/go.mod h1:/j67Z5XBVDx8nZVp9EuFM9/BS5dvBznbqILGuu73hug=
github.com/aws/aws-sdk-go-v2/service/sts v1.41.2 h1:a5UTtD4mHBU3t0o6aHQZFJTNKVfxFWfPX7J0Lr7G+uY=
github.com/aws/aws-sdk-go-v2/service/sts v1.41.2/go.mod h1:6TxbXoDSgBQ225Qd8Q+MbxUxUh6TtNKwbRt/EPS9xso=
github.com/aws/smithy-go v1.24.2 h1:FzA3bu/nt/vDvmnkg+R8Xl46gmzEDam6mZ1hzmwXFng=
github.com/aws/smithy-go v1.24.2/go.mod h1:YE2RhdIuDbA5E5bTdciG9KrW3+TiEONeUWCqxX9i1Fc=
github.com/go-playground/assert/v2 v2.2.0 h1:JvknZsQTYeFEAhQwI4qEt9cyV5ONwRHC+lYKSsYSR8s=
github.com/go-playground/assert/v2 v2.2.0/go.mod h1:VDjEfimB/XKnb+ZQfWdccd7VUvScMdVu0Titje2rxJ4=
github.com/go-playground/form/v4 v4.3.0 h1:OVttojbQv2WNCs4P+VnjPtrt/+30Ipw4890W3OaFlvk=
github.com/go-playground/form/v4 v4.3.0/go.mod h1:Cpe1iYJKoXb1vILRXEwxpWMGWyQuqplQ/4cvPecy+Jo=
github.com/go-sql-driver/mysql v1.7.1/go.mod h1:OXbVy3sEdcQ2Doequ6Z5BW6fXNQTmx+9S1MCJN5yJMI=
github.com/go-sql-driver/mysql v1.9.3 h1:U/N249h2WzJ3Ukj8SowVFjdtZKfu9vlLZxjPXV1aweo=
github.com/go-sql-driver/mysql v1.9.3/go.mod h1:qn46aNg1333BRMNU69Lq93t8du/dwxI64Gl8i5p1WMU=
github.com/justinas/alice v1.2.0 h1:+MHSA/vccVCF4Uq37S42jwlkvI2Xzl7zTPCN5BnZNVo=
github.com/justinas/alice v1.2.0/go.mod h1:fN5HRH/reO/zrUflLfTN43t3vXvKzvZIENsNEe7i7qA=
github.com/justinas/nosurf v1.2.0 h1:yMs1bSRrNiwXk4AS6n8vL2Ssgpb9CB25T/4xrixaK0s=
github.com/justinas/nosurf v1.2.0/go.mod h1:ALpWdSbuNGy2lZWtyXdjkYv4edL23oSEgfBT1gPJ5BQ=
golang.org/x/crypto v0.48.0 h1:/VRzVqiRSggnhY7gNRxPauEQ5Drw9haKdM0jqfcCFts=
golang.org/x/crypto v0.48.0/go.mod h1:r0kV5h3qnFPlQnBSrULhlsRfryS2pmewsg+XfMgkVos=
gopkg.in/alexcesaro/quotedprintable.v3 v3.0.0-20150716171945-2caba252f4dc h1:2gGKlE2+asNV9m7xrywl36YYNnBG5ZQ0r/BOOxqPpmk=
gopkg.in/alexcesaro/quotedprintable.v3 v3.0.0-20150716171945-2caba252f4dc/go.mod h1:m7x9LTH6d71AHyAX77c9yqWCCa3UKHcVEj9y7hAtKDk=
gopkg.in/gomail.v2 v2.0.0-20160411212932-81ebce5c23df h1:n7WqCuqOuCbNr617RXOY0AWRXxgwEyPp2z+p0+hgMuE=
gopkg.in/gomail.v2 v2.0.0-20160411212932-81ebce5c23df/go.mod h1:LRQQ+SO6ZHR7tOkpBDuZnXENFzX8qRjMDMyPD6BRkCw=
